
Microsoft Visual Studio Solution File, Format Version 12.00
# Visual Studio Version 17
VisualStudioVersion = 17.9.34701.34
MinimumVisualStudioVersion = 10.0.40219.1
Project("{FAE04EC0-301F-11D3-BF4B-00C04F79EFBC}") = "WpfApp1", "WpfApp1\WpfApp1.csproj", "{C920D284-ACF5-4B4A-A36E-BB72AF579359}"
EndProject
Global
	GlobalSection(SolutionConfigurationPlatforms) = preSolution
		Debug|Any CPU = Debug|Any CPU
		Release|Any CPU = Release|Any CPU
	EndGlobalSection
	GlobalSection(ProjectConfigurationPlatforms) = postSolution
		{C920D284-ACF5-4B4A-A36E-BB72AF579359}.Debug|Any CPU.ActiveCfg = Debug|Any CPU
		{C920D284-ACF5-4B4A-A36E-BB72AF579359}.Debug|Any CPU.Build.0 = Debug|Any CPU
		{C920D284-ACF5-4B4A-A36E-BB72AF579359}.Release|Any CPU.ActiveCfg = Release|Any CPU
		{C920D284-ACF5-4B4A-A36E-BB72AF579359}.Release|Any CPU.Build.0 = Release|Any CPU
	EndGlobalSection
	GlobalSection(SolutionProperties) = preSolution
		HideSolutionNode = FALSE
	EndGlobalSection
	GlobalSection(ExtensibilityGlobals) = postSolution
		SolutionGuid = {3C5EAF71-8A15-4E67-90EC-3A87198B0294}
	EndGlobalSection
EndGlobal
